
Microsoft Visual Studio Solution File, Format Version 12.00
# Visual Studio 15
VisualStudioVersion = 15.0.28307.168
MinimumVisualStudioVersion = 10.0.40219.1
Project("{8BC9CEB8-8B4A-11D0-8D11-00A0C91BC942}") = "retroCode", "src\retroCode.vcxproj", "{E2DDA93E-57B1-4A15-B9A9-900F90581B6C}"
	ProjectSection(ProjectDependencies) = postProject
		{2564B5C0-3EEE-4B5D-959A-BAA209D3E6C0} = {2564B5C0-3EEE-4B5D-959A-BAA209D3E6C0}
	EndProjectSection
EndProject
Project("{2150E333-8FDC-42A3-9474-1A3956D46DE8}") = "projects", "projects", "{B366F868-1234-4CE5-8965-07E6FF9AF258}"
EndProject
Project("{8BC9CEB8-8B4A-11D0-8D11-00A0C91BC942}") = "rcSDK", "sdk\rcSDK.vcxproj", "{2564B5C0-3EEE-4B5D-959A-BAA209D3E6C0}"
EndProject
Project("{8BC9CEB8-8B4A-11D0-8D11-00A0C91BC942}") = "CBM8BitProject", "projects\CBM8BitProject\CBM8BitProject.vcxproj", "{580B3730-1324-48D8-B8C9-7501559B4E47}"
	ProjectSection(ProjectDependencies) = postProject
		{2564B5C0-3EEE-4B5D-959A-BAA209D3E6C0} = {2564B5C0-3EEE-4B5D-959A-BAA209D3E6C0}
	EndProjectSection
EndProject
Global
	GlobalSection(SolutionConfigurationPlatforms) = preSolution
		Debug|x64 = Debug|x64
		Debug|x86 = Debug|x86
		Release|x64 = Release|x64
		Release|x86 = Release|x86
	EndGlobalSection
	GlobalSection(ProjectConfigurationPlatforms) = postSolution
		{E2DDA93E-57B1-4A15-B9A9-900F90581B6C}.Debug|x64.ActiveCfg = Debug|x64
		{E2DDA93E-57B1-4A15-B9A9-900F90581B6C}.Debug|x64.Build.0 = Debug|x64
		{E2DDA93E-57B1-4A15-B9A9-900F90581B6C}.Debug|x86.ActiveCfg = Debug|Win32
		{E2DDA93E-57B1-4A15-B9A9-900F90581B6C}.Debug|x86.Build.0 = Debug|Win32
		{E2DDA93E-57B1-4A15-B9A9-900F90581B6C}.Release|x64.ActiveCfg = Release|x64
		{E2DDA93E-57B1-4A15-B9A9-900F90581B6C}.Release|x64.Build.0 = Release|x64
		{E2DDA93E-57B1-4A15-B9A9-900F90581B6C}.Release|x86.ActiveCfg = Release|Win32
		{E2DDA93E-57B1-4A15-B9A9-900F90581B6C}.Release|x86.Build.0 = Release|Win32
		{2564B5C0-3EEE-4B5D-959A-BAA209D3E6C0}.Debug|x64.ActiveCfg = Debug|x64
		{2564B5C0-3EEE-4B5D-959A-BAA209D3E6C0}.Debug|x64.Build.0 = Debug|x64
		{2564B5C0-3EEE-4B5D-959A-BAA209D3E6C0}.Debug|x86.ActiveCfg = Debug|Win32
		{2564B5C0-3EEE-4B5D-959A-BAA209D3E6C0}.Debug|x86.Build.0 = Debug|Win32
		{2564B5C0-3EEE-4B5D-959A-BAA209D3E6C0}.Release|x64.ActiveCfg = Release|x64
		{2564B5C0-3EEE-4B5D-959A-BAA209D3E6C0}.Release|x64.Build.0 = Release|x64
		{2564B5C0-3EEE-4B5D-959A-BAA209D3E6C0}.Release|x86.ActiveCfg = Release|Win32
		{2564B5C0-3EEE-4B5D-959A-BAA209D3E6C0}.Release|x86.Build.0 = Release|Win32
		{580B3730-1324-48D8-B8C9-7501559B4E47}.Debug|x64.ActiveCfg = Debug|x64
		{580B3730-1324-48D8-B8C9-7501559B4E47}.Debug|x64.Build.0 = Debug|x64
		{580B3730-1324-48D8-B8C9-7501559B4E47}.Debug|x86.ActiveCfg = Debug|Win32
		{580B3730-1324-48D8-B8C9-7501559B4E47}.Debug|x86.Build.0 = Debug|Win32
		{580B3730-1324-48D8-B8C9-7501559B4E47}.Release|x64.ActiveCfg = Release|x64
		{580B3730-1324-48D8-B8C9-7501559B4E47}.Release|x64.Build.0 = Release|x64
		{580B3730-1324-48D8-B8C9-7501559B4E47}.Release|x86.ActiveCfg = Release|Win32
		{580B3730-1324-48D8-B8C9-7501559B4E47}.Release|x86.Build.0 = Release|Win32
	EndGlobalSection
	GlobalSection(SolutionProperties) = preSolution
		HideSolutionNode = FALSE
	EndGlobalSection
	GlobalSection(NestedProjects) = preSolution
		{580B3730-1324-48D8-B8C9-7501559B4E47} = {B366F868-1234-4CE5-8965-07E6FF9AF258}
	EndGlobalSection
	GlobalSection(ExtensibilityGlobals) = postSolution
		SolutionGuid = {1FB3F904-56C7-4CBE-80B7-19970438FFED}
	EndGlobalSection
EndGlobal
